protocol 2
release 2.0.0
0644 ca17b287ac5e0c451f0ea4edf76f67250bbc54150e7b3a3717d6c5bf0a0d850f .claude-plugin/plugin.json
0644 497716bfb0d4cf5ff59e4c0d4d8314db0f85b6740dc67763360cf4cc2e57c31c MAINTENANCE.md
0755 7f0877df9a0ab332c54bb6937d0a2b5aaceeb7b448d56b6176b9d0d8a1bdd24e bin/agent-comms
0755 a8668f5996de9da20255b3a53af114e32b4ca1e55fd55897d43e340859f4c31b bin/launch.sh
0644 f0455d5fa296c8d40f1ed2949a832d7d2ee926d9c83e82f86781a89ad9853152 bin/lib.sh
0755 c8463578f30b1773af0e122fdc6eb0f594eb3ff457314029c688b9d2cb6689c8 bin/protocol.pl
0755 1eae2fdb2420308078c59a3690e9bebe9f65306bbae48d5433bdb552516d237d bin/release.sh
0644 9c4f076aaa814b6f9d7f486e406b56b9384490caa01b5f59da64911161ed7ddf skills/agent-comms/SKILL.md
0755 657089cc19ada8cc23f5835c24633e35dc21126485ea33c82215234a4af15ad1 test/e2e.sh
0755 505bc3941ef70af2bfd6326d512fb3049c567ca66f75390fcdfa2dfaa0d07a3c test/flock-hammer.sh
0755 dc3f58163beb3b7ae47582d2b71b47844577cf265d76ce4c2cee04fe81d4c188 test/launch.sh
0755 210714526cbe6ca61478d1232924bc66b49d5405e41b357559f81d93fb393d2e test/protocol.sh
0755 891e832dd6cf00f529c03ef402e72aaf418826e284dcd18baca4ef9f007270d4 test/release.sh
0755 c35a5082e895f433f88daa2f817a998f0610aeb141b38a358b71e69dc1090eb8 test/run.sh
0755 df6b46377db7f503248309c2e527d88e63454692dcbedd099a3755acc628b347 test/testlib.sh
