protocol 2
release 2.0.1
0644 c192877b3bdf711e84dea142bf14ae2b5f33f5d2a1be2d9557c7446f84629608 .claude-plugin/plugin.json
0644 c51210f03a07a857a78249b59d57e9a6953d484e1a5f663772a58f7a0eca0537 MAINTENANCE.md
0755 7693427c08460e3437eb8565b48266de6b27b4ef4489429ba2cfceba205e22eb bin/agent-comms
0755 a695f50860e537975b3a91662c93ca834f132b53fcdd2c8dce3e49343fe58cf8 bin/launch.sh
0644 f0455d5fa296c8d40f1ed2949a832d7d2ee926d9c83e82f86781a89ad9853152 bin/lib.sh
0755 458e2c818fa55906ecf33c1098eb8e0fb3a4768959f22a5311f61a9a5cc25112 bin/protocol.pl
0755 a102a20908eede98fb300e4c28485c408ddef52041b38e45412d1e464289a2bc bin/release.sh
0644 5bf598965999376a8a275909b5b8362b6a447c3e161438b4c99a642e38c92d04 skills/agent-comms/SKILL.md
0755 5d4c6a251c6c31c4449b7a89fd9e3562d0add888e10c96dcc80a1aa651aade37 test/e2e.sh
0755 a4f7fca0954a5109b2011ebfb9204d121edeb5233edc7b526d15c73c93ab82e1 test/flock-hammer.sh
0755 a1c4a5a3e5d1e5e89945edaf0c44a8602f32bcdef4348c07f249f6a7205e4876 test/launch.sh
0755 b38b3d145c2591782be6ddc2a4826425a9e90dfda0ac3a87dc196aec6d12418a test/protocol.sh
0755 2c51f3263fea32f4b84d245647131a06d512ec7c3267826b794e353693d61d6d test/release.sh
0755 c35a5082e895f433f88daa2f817a998f0610aeb141b38a358b71e69dc1090eb8 test/run.sh
0755 df6b46377db7f503248309c2e527d88e63454692dcbedd099a3755acc628b347 test/testlib.sh
