protocol 2
release 1.3.4
0644 e7cf55c4da9d9af8ec62e5f31a13610118dfeadd5279e2d9c67a4646f1a4817a .claude-plugin/plugin.json
0644 a6fd6a9e95e07b7720cf5db685961d9053f5622817f44d2dfce7bb4721443395 MAINTENANCE.md
0755 36f8f4b44deeae4bed5d314f510b354bce377bbf91fc90c37f2304c17641e007 bin/agent-comms
0755 907feecf38fa1a93c86b93438e9a6ea2541a99e95e623345b3fa08a9632e3552 bin/launch.sh
0644 47b1d38752b9abc847816ad9663a4caac4020e34fcb3a142b8ca10a64c3dd356 bin/lib.sh
0755 e543d2c1544ad78f69290b0d785dd8742fc277d8c7c7b95383907f6e9e80d9a0 bin/protocol.pl
0755 3050535226f54562d5f9c02495cbab93cc37f53864ff57ad99e0068b2e133029 bin/release.sh
0644 e99d45c830c5d05a6b6f01fa984da600b8c85ba603eff65e24dcf88014af2a55 skills/agent-comms/SKILL.md
0755 4cadbf9e52ca9a86971d8d063a8d35fdf9704ea993936407ad844f57ed991cfa test/e2e.sh
0755 0c5766978031b2e9f28dd196b18262ce443546bbd7aaaf3181c97fb5df50f013 test/flock-hammer.sh
0755 1a5c5b4c9aabfe390dd78fd64ce521cac6ba152a490290cf812c8ec1b40957f0 test/launch.sh
0755 004298de5f7ff781de07768c40183ead55f87a7e7084982ff81cd314dda2a15e test/protocol.sh
0755 7cd64c1e5f8ba5520ba14d333ad6993d1fcb1062d4033c4fa83c91fccfbd1af0 test/release.sh
0755 c35a5082e895f433f88daa2f817a998f0610aeb141b38a358b71e69dc1090eb8 test/run.sh
0755 df6b46377db7f503248309c2e527d88e63454692dcbedd099a3755acc628b347 test/testlib.sh
